
Microsoft Visual Studio Solution File, Format Version 12.00
# Visual Studio Version 17
VisualStudioVersion = 17.3.32825.248
MinimumVisualStudioVersion = 10.0.40219.1
Project("{FAE04EC0-301F-11D3-BF4B-00C04F79EFBC}") = "stand-alone", "stand-alone\stand-alone.csproj", "{E784AF4B-EE8C-409B-93A4-D51E84738203}"
EndProject
Project("{FAE04EC0-301F-11D3-BF4B-00C04F79EFBC}") = "rez", "rez\rez.csproj", "{466F59D7-A184-47E4-A230-C7F5AAF59B72}"
EndProject
Global
	GlobalSection(SolutionConfigurationPlatforms) = preSolution
		Debug|Any CPU = Debug|Any CPU
		Release|Any CPU = Release|Any CPU
	EndGlobalSection
	GlobalSection(ProjectConfigurationPlatforms) = postSolution
		{E784AF4B-EE8C-409B-93A4-D51E84738203}.Debug|Any CPU.ActiveCfg = Debug|Any CPU
		{E784AF4B-EE8C-409B-93A4-D51E84738203}.Debug|Any CPU.Build.0 = Debug|Any CPU
		{E784AF4B-EE8C-409B-93A4-D51E84738203}.Release|Any CPU.ActiveCfg = Release|Any CPU
		{E784AF4B-EE8C-409B-93A4-D51E84738203}.Release|Any CPU.Build.0 = Release|Any CPU
		{466F59D7-A184-47E4-A230-C7F5AAF59B72}.Debug|Any CPU.ActiveCfg = Debug|Any CPU
		{466F59D7-A184-47E4-A230-C7F5AAF59B72}.Debug|Any CPU.Build.0 = Debug|Any CPU
		{466F59D7-A184-47E4-A230-C7F5AAF59B72}.Release|Any CPU.ActiveCfg = Release|Any CPU
		{466F59D7-A184-47E4-A230-C7F5AAF59B72}.Release|Any CPU.Build.0 = Release|Any CPU
	EndGlobalSection
	GlobalSection(SolutionProperties) = preSolution
		HideSolutionNode = FALSE
	EndGlobalSection
	GlobalSection(ExtensibilityGlobals) = postSolution
		SolutionGuid = {D234265B-F422-47DA-918F-9E6E5D141EA3}
	EndGlobalSection
EndGlobal
